
Microsoft Visual Studio Solution File, Format Version 12.00
# Visual Studio 15
Project("{FAE04EC0-301F-11D3-BF4B-00C04F79EFBC}") = "Assembly-CSharp", "Assembly-CSharp.csproj", "{7D6B95A4-4F4C-B17F-E03B-4D6C08AC0852}"
EndProject
Project("{FAE04EC0-301F-11D3-BF4B-00C04F79EFBC}") = "QFSW.QC.Grammar", "QFSW.QC.Grammar.csproj", "{9E76F9F5-0212-F67E-3584-2A943C92D934}"
EndProject
Project("{FAE04EC0-301F-11D3-BF4B-00C04F79EFBC}") = "QFSW.QC", "QFSW.QC.csproj", "{F46B5C8A-F24C-EDA6-7C58-941D7DC68C78}"
EndProject
Project("{FAE04EC0-301F-11D3-BF4B-00C04F79EFBC}") = "QFSW.QC.Parsers", "QFSW.QC.Parsers.csproj", "{F883D865-C80A-55AD-FEEC-CC9AE4147162}"
EndProject
Project("{FAE04EC0-301F-11D3-BF4B-00C04F79EFBC}") = "QFSW.QC.Extras", "QFSW.QC.Extras.csproj", "{2202C18C-540F-7886-34D4-D9388AB3FB38}"
EndProject
Project("{FAE04EC0-301F-11D3-BF4B-00C04F79EFBC}") = "QFSW.QC.Serializers", "QFSW.QC.Serializers.csproj", "{8F6A2924-EDF0-2BDF-A3C3-3A25AB57F82E}"
EndProject
Project("{FAE04EC0-301F-11D3-BF4B-00C04F79EFBC}") = "QFSW.QC.UI", "QFSW.QC.UI.csproj", "{24E32BE8-B574-06FE-83CF-B5958DC7990A}"
EndProject
Project("{FAE04EC0-301F-11D3-BF4B-00C04F79EFBC}") = "QFSW.QC.QGUI", "QFSW.QC.QGUI.csproj", "{60C0A5D3-9B51-0336-7FBB-0969C85D91B9}"
EndProject
Project("{FAE04EC0-301F-11D3-BF4B-00C04F79EFBC}") = "QFSW.QC.Editor", "QFSW.QC.Editor.csproj", "{955E9775-65D3-9D36-4F6A-F6E53DF2926E}"
EndProject
Project("{FAE04EC0-301F-11D3-BF4B-00C04F79EFBC}") = "Assembly-CSharp-Editor", "Assembly-CSharp-Editor.csproj", "{BC460D47-887D-49BB-5F60-6AFBE98FE19F}"
EndProject
Project("{FAE04EC0-301F-11D3-BF4B-00C04F79EFBC}") = "QFSW.QC.Editor.Tools", "QFSW.QC.Editor.Tools.csproj", "{B48492DE-6327-2BD3-7C77-CE384E733914}"
EndProject
Global
	GlobalSection(SolutionConfigurationPlatforms) = preSolution
		Debug|Any CPU = Debug|Any CPU
		Release|Any CPU = Release|Any CPU
	EndGlobalSection
	GlobalSection(ProjectConfigurationPlatforms) = postSolution
		{7D6B95A4-4F4C-B17F-E03B-4D6C08AC0852}.Debug|Any CPU.ActiveCfg = Debug|Any CPU
		{7D6B95A4-4F4C-B17F-E03B-4D6C08AC0852}.Debug|Any CPU.Build.0 = Debug|Any CPU
		{7D6B95A4-4F4C-B17F-E03B-4D6C08AC0852}.Release|Any CPU.ActiveCfg = Release|Any CPU
		{7D6B95A4-4F4C-B17F-E03B-4D6C08AC0852}.Release|Any CPU.Build.0 = Release|Any CPU
		{9E76F9F5-0212-F67E-3584-2A943C92D934}.Debug|Any CPU.ActiveCfg = Debug|Any CPU
		{9E76F9F5-0212-F67E-3584-2A943C92D934}.Debug|Any CPU.Build.0 = Debug|Any CPU
		{9E76F9F5-0212-F67E-3584-2A943C92D934}.Release|Any CPU.ActiveCfg = Release|Any CPU
		{9E76F9F5-0212-F67E-3584-2A943C92D934}.Release|Any CPU.Build.0 = Release|Any CPU
		{F46B5C8A-F24C-EDA6-7C58-941D7DC68C78}.Debug|Any CPU.ActiveCfg = Debug|Any CPU
		{F46B5C8A-F24C-EDA6-7C58-941D7DC68C78}.Debug|Any CPU.Build.0 = Debug|Any CPU
		{F46B5C8A-F24C-EDA6-7C58-941D7DC68C78}.Release|Any CPU.ActiveCfg = Release|Any CPU
		{F46B5C8A-F24C-EDA6-7C58-941D7DC68C78}.Release|Any CPU.Build.0 = Release|Any CPU
		{F883D865-C80A-55AD-FEEC-CC9AE4147162}.Debug|Any CPU.ActiveCfg = Debug|Any CPU
		{F883D865-C80A-55AD-FEEC-CC9AE4147162}.Debug|Any CPU.Build.0 = Debug|Any CPU
		{F883D865-C80A-55AD-FEEC-CC9AE4147162}.Release|Any CPU.ActiveCfg = Release|Any CPU
		{F883D865-C80A-55AD-FEEC-CC9AE4147162}.Release|Any CPU.Build.0 = Release|Any CPU
		{2202C18C-540F-7886-34D4-D9388AB3FB38}.Debug|Any CPU.ActiveCfg = Debug|Any CPU
		{2202C18C-540F-7886-34D4-D9388AB3FB38}.Debug|Any CPU.Build.0 = Debug|Any CPU
		{2202C18C-540F-7886-34D4-D9388AB3FB38}.Release|Any CPU.ActiveCfg = Release|Any CPU
		{2202C18C-540F-7886-34D4-D9388AB3FB38}.Release|Any CPU.Build.0 = Release|Any CPU
		{8F6A2924-EDF0-2BDF-A3C3-3A25AB57F82E}.Debug|Any CPU.ActiveCfg = Debug|Any CPU
		{8F6A2924-EDF0-2BDF-A3C3-3A25AB57F82E}.Debug|Any CPU.Build.0 = Debug|Any CPU
		{8F6A2924-EDF0-2BDF-A3C3-3A25AB57F82E}.Release|Any CPU.ActiveCfg = Release|Any CPU
		{8F6A2924-EDF0-2BDF-A3C3-3A25AB57F82E}.Release|Any CPU.Build.0 = Release|Any CPU
		{24E32BE8-B574-06FE-83CF-B5958DC7990A}.Debug|Any CPU.ActiveCfg = Debug|Any CPU
		{24E32BE8-B574-06FE-83CF-B5958DC7990A}.Debug|Any CPU.Build.0 = Debug|Any CPU
		{24E32BE8-B574-06FE-83CF-B5958DC7990A}.Release|Any CPU.ActiveCfg = Release|Any CPU
		{24E32BE8-B574-06FE-83CF-B5958DC7990A}.Release|Any CPU.Build.0 = Release|Any CPU
		{60C0A5D3-9B51-0336-7FBB-0969C85D91B9}.Debug|Any CPU.ActiveCfg = Debug|Any CPU
		{60C0A5D3-9B51-0336-7FBB-0969C85D91B9}.Debug|Any CPU.Build.0 = Debug|Any CPU
		{60C0A5D3-9B51-0336-7FBB-0969C85D91B9}.Release|Any CPU.ActiveCfg = Release|Any CPU
		{60C0A5D3-9B51-0336-7FBB-0969C85D91B9}.Release|Any CPU.Build.0 = Release|Any CPU
		{955E9775-65D3-9D36-4F6A-F6E53DF2926E}.Debug|Any CPU.ActiveCfg = Debug|Any CPU
		{955E9775-65D3-9D36-4F6A-F6E53DF2926E}.Debug|Any CPU.Build.0 = Debug|Any CPU
		{955E9775-65D3-9D36-4F6A-F6E53DF2926E}.Release|Any CPU.ActiveCfg = Release|Any CPU
		{955E9775-65D3-9D36-4F6A-F6E53DF2926E}.Release|Any CPU.Build.0 = Release|Any CPU
		{BC460D47-887D-49BB-5F60-6AFBE98FE19F}.Debug|Any CPU.ActiveCfg = Debug|Any CPU
		{BC460D47-887D-49BB-5F60-6AFBE98FE19F}.Debug|Any CPU.Build.0 = Debug|Any CPU
		{BC460D47-887D-49BB-5F60-6AFBE98FE19F}.Release|Any CPU.ActiveCfg = Release|Any CPU
		{BC460D47-887D-49BB-5F60-6AFBE98FE19F}.Release|Any CPU.Build.0 = Release|Any CPU
		{B48492DE-6327-2BD3-7C77-CE384E733914}.Debug|Any CPU.ActiveCfg = Debug|Any CPU
		{B48492DE-6327-2BD3-7C77-CE384E733914}.Debug|Any CPU.Build.0 = Debug|Any CPU
		{B48492DE-6327-2BD3-7C77-CE384E733914}.Release|Any CPU.ActiveCfg = Release|Any CPU
		{B48492DE-6327-2BD3-7C77-CE384E733914}.Release|Any CPU.Build.0 = Release|Any CPU
	EndGlobalSection
	GlobalSection(SolutionProperties) = preSolution
		HideSolutionNode = FALSE
	EndGlobalSection
EndGlobal
